// !$*UTF8*$!
{
	archiveVersion = 1;
	classes = {
	};
	objectVersion = 46;
	objects = {

/* Begin PBXBuildFile section */
		A2891EF21EAB4027009F31F5 /* SilenceConverterKit.framework in Frameworks */ = {isa = PBXBuildFile; fileRef = A2891EE81EAB4027009F31F5 /* SilenceConverterKit.framework */; };
		A2891EF91EAB4028009F31F5 /* SilenceConverterKit.h in Headers */ = {isa = PBXBuildFile; fileRef = A2891EEB1EAB4027009F31F5 /* SilenceConverterKit.h */; settings = {ATTRIBUTES = (Public, ); }; };
		A2891F041EAB4072009F31F5 /* NormalAudioConverterTests.mm in Sources */ = {isa = PBXBuildFile; fileRef = A2891F021EAB4072009F31F5 /* NormalAudioConverterTests.mm */; };
		A2891F051EAB4072009F31F5 /* SilenceAudioConverterTests.mm in Sources */ = {isa = PBXBuildFile; fileRef = A2891F031EAB4072009F31F5 /* SilenceAudioConverterTests.mm */; };
		A2891F081EAB407C009F31F5 /* SilenceConverter.h in Headers */ = {isa = PBXBuildFile; fileRef = A2891F061EAB407C009F31F5 /* SilenceConverter.h */; settings = {ATTRIBUTES = (Public, ); }; };
		A2891F091EAB407C009F31F5 /* SilenceConverter.mm in Sources */ = {isa = PBXBuildFile; fileRef = A2891F071EAB407C009F31F5 /* SilenceConverter.mm */; };
		A2891F0D1EAB42DD009F31F5 /* AudioToolbox.framework in Frameworks */ = {isa = PBXBuildFile; fileRef = A2891F0B1EAB42CF009F31F5 /* AudioToolbox.framework */; };
		A2891F0F1EAB42E8009F31F5 /* AVFoundation.framework in Frameworks */ = {isa = PBXBuildFile; fileRef = A2891F0E1EAB42E8009F31F5 /* AVFoundation.framework */; };
/* End PBXBuildFile section */

/* Begin PBXContainerItemProxy section */
		A2891EF31EAB4027009F31F5 /* PBXContainerItemProxy */ = {
			isa = PBXContainerItemProxy;
			containerPortal = A2891EDF1EAB4027009F31F5 /* Project object */;
			proxyType = 1;
			remoteGlobalIDString = A2891EE71EAB4027009F31F5;
			remoteInfo = SilenceConverterKit;
		};
/* End PBXContainerItemProxy section */

/* Begin PBXFileReference section */
		A2891EE81EAB4027009F31F5 /* SilenceConverterKit.framework */ = {isa = PBXFileReference; explicitFileType = wrapper.framework; includeInIndex = 0; path = SilenceConverterKit.framework; sourceTree = BUILT_PRODUCTS_DIR; };
		A2891EEB1EAB4027009F31F5 /* SilenceConverterKit.h */ = {isa = PBXFileReference; lastKnownFileType = sourcecode.c.h; path = SilenceConverterKit.h; sourceTree = "<group>"; };
		A2891EEC1EAB4027009F31F5 /* Info.plist */ = {isa = PBXFileReference; lastKnownFileType = text.plist.xml; path = Info.plist; sourceTree = "<group>"; };
		A2891EF11EAB4027009F31F5 /* SilenceConverterKitTests.xctest */ = {isa = PBXFileReference; explicitFileType = wrapper.cfbundle; includeInIndex = 0; path = SilenceConverterKitTests.xctest; sourceTree = BUILT_PRODUCTS_DIR; };
		A2891EF81EAB4027009F31F5 /* Info.plist */ = {isa = PBXFileReference; lastKnownFileType = text.plist.xml; path = Info.plist; sourceTree = "<group>"; };
		A2891F021EAB4072009F31F5 /* NormalAudioConverterTests.mm */ = {isa = PBXFileReference; fileEncoding = 4; lastKnownFileType = sourcecode.cpp.objcpp; path = NormalAudioConverterTests.mm; sourceTree = "<group>"; };
		A2891F031EAB4072009F31F5 /* SilenceAudioConverterTests.mm */ = {isa = PBXFileReference; fileEncoding = 4; lastKnownFileType = sourcecode.cpp.objcpp; path = SilenceAudioConverterTests.mm; sourceTree = "<group>"; };
		A2891F061EAB407C009F31F5 /* SilenceConverter.h */ = {isa = PBXFileReference; fileEncoding = 4; lastKnownFileType = sourcecode.c.h; path = SilenceConverter.h; sourceTree = "<group>"; };
		A2891F071EAB407C009F31F5 /* SilenceConverter.mm */ = {isa = PBXFileReference; fileEncoding = 4; lastKnownFileType = sourcecode.cpp.objcpp; path = SilenceConverter.mm; sourceTree = "<group>"; };
		A2891F0B1EAB42CF009F31F5 /* AudioToolbox.framework */ = {isa = PBXFileReference; lastKnownFileType = wrapper.framework; name = AudioToolbox.framework; path = System/Library/Frameworks/AudioToolbox.framework; sourceTree = SDKROOT; };
		A2891F0E1EAB42E8009F31F5 /* AVFoundation.framework */ = {isa = PBXFileReference; lastKnownFileType = wrapper.framework; name = AVFoundation.framework; path = System/Library/Frameworks/AVFoundation.framework; sourceTree = SDKROOT; };
/* End PBXFileReference section */

/* Begin PBXFrameworksBuildPhase section */
		A2891EE41EAB4027009F31F5 /* Frameworks */ = {
			isa = PBXFrameworksBuildPhase;
			buildActionMask = 2147483647;
			files = (
			);
			runOnlyForDeploymentPostprocessing = 0;
		};
		A2891EEE1EAB4027009F31F5 /* Frameworks */ = {
			isa = PBXFrameworksBuildPhase;
			buildActionMask = 2147483647;
			files = (
				A2891F0F1EAB42E8009F31F5 /* AVFoundation.framework in Frameworks */,
				A2891F0D1EAB42DD009F31F5 /* AudioToolbox.framework in Frameworks */,
				A2891EF21EAB4027009F31F5 /* SilenceConverterKit.framework in Frameworks */,
			);
			runOnlyForDeploymentPostprocessing = 0;
		};
/* End PBXFrameworksBuildPhase section */

/* Begin PBXGroup section */
		A2891EDE1EAB4027009F31F5 = {
			isa = PBXGroup;
			children = (
				A2891EEA1EAB4027009F31F5 /* SilenceConverterKit */,
				A2891EF51EAB4027009F31F5 /* SilenceConverterKitTests */,
				A2891EE91EAB4027009F31F5 /* Products */,
				A2891F0A1EAB42CF009F31F5 /* Frameworks */,
			);
			sourceTree = "<group>";
		};
		A2891EE91EAB4027009F31F5 /* Products */ = {
			isa = PBXGroup;
			children = (
				A2891EE81EAB4027009F31F5 /* SilenceConverterKit.framework */,
				A2891EF11EAB4027009F31F5 /* SilenceConverterKitTests.xctest */,
			);
			name = Products;
			sourceTree = "<group>";
		};
		A2891EEA1EAB4027009F31F5 /* SilenceConverterKit */ = {
			isa = PBXGroup;
			children = (
				A2891F061EAB407C009F31F5 /* SilenceConverter.h */,
				A2891F071EAB407C009F31F5 /* SilenceConverter.mm */,
				A2891EEB1EAB4027009F31F5 /* SilenceConverterKit.h */,
				A2891EEC1EAB4027009F31F5 /* Info.plist */,
			);
			path = SilenceConverterKit;
			sourceTree = "<group>";
		};
		A2891EF51EAB4027009F31F5 /* SilenceConverterKitTests */ = {
			isa = PBXGroup;
			children = (
				A2891F021EAB4072009F31F5 /* NormalAudioConverterTests.mm */,
				A2891F031EAB4072009F31F5 /* SilenceAudioConverterTests.mm */,
				A2891EF81EAB4027009F31F5 /* Info.plist */,
			);
			path = SilenceConverterKitTests;
			sourceTree = "<group>";
		};
		A2891F0A1EAB42CF009F31F5 /* Frameworks */ = {
			isa = PBXGroup;
			children = (
				A2891F0E1EAB42E8009F31F5 /* AVFoundation.framework */,
				A2891F0B1EAB42CF009F31F5 /* AudioToolbox.framework */,
			);
			name = Frameworks;
			sourceTree = "<group>";
		};
/* End PBXGroup section */

/* Begin PBXHeadersBuildPhase section */
		A2891EE51EAB4027009F31F5 /* Headers */ = {
			isa = PBXHeadersBuildPhase;
			buildActionMask = 2147483647;
			files = (
				A2891F081EAB407C009F31F5 /* SilenceConverter.h in Headers */,
				A2891EF91EAB4028009F31F5 /* SilenceConverterKit.h in Headers */,
			);
			runOnlyForDeploymentPostprocessing = 0;
		};
/* End PBXHeadersBuildPhase section */

/* Begin PBXNativeTarget section */
		A2891EE71EAB4027009F31F5 /* SilenceConverterKit */ = {
			isa = PBXNativeTarget;
			buildConfigurationList = A2891EFC1EAB4028009F31F5 /* Build configuration list for PBXNativeTarget "SilenceConverterKit" */;
			buildPhases = (
				A2891EE31EAB4027009F31F5 /* Sources */,
				A2891EE41EAB4027009F31F5 /* Frameworks */,
				A2891EE51EAB4027009F31F5 /* Headers */,
				A2891EE61EAB4027009F31F5 /* Resources */,
			);
			buildRules = (
			);
			dependencies = (
			);
			name = SilenceConverterKit;
			productName = SilenceConverterKit;
			productReference = A2891EE81EAB4027009F31F5 /* SilenceConverterKit.framework */;
			productType = "com.apple.product-type.framework";
		};
		A2891EF01EAB4027009F31F5 /* SilenceConverterKitTests */ = {
			isa = PBXNativeTarget;
			buildConfigurationList = A2891EFF1EAB4028009F31F5 /* Build configuration list for PBXNativeTarget "SilenceConverterKitTests" */;
			buildPhases = (
				A2891EED1EAB4027009F31F5 /* Sources */,
				A2891EEE1EAB4027009F31F5 /* Frameworks */,
				A2891EEF1EAB4027009F31F5 /* Resources */,
			);
			buildRules = (
			);
			dependencies = (
				A2891EF41EAB4027009F31F5 /* PBXTargetDependency */,
			);
			name = SilenceConverterKitTests;
			productName = SilenceConverterKitTests;
			productReference = A2891EF11EAB4027009F31F5 /* SilenceConverterKitTests.xctest */;
			productType = "com.apple.product-type.bundle.unit-test";
		};
/* End PBXNativeTarget section */

/* Begin PBXProject section */
		A2891EDF1EAB4027009F31F5 /* Project object */ = {
			isa = PBXProject;
			attributes = {
				LastUpgradeCheck = 0830;
				ORGANIZATIONNAME = pebble8888;
				TargetAttributes = {
					A2891EE71EAB4027009F31F5 = {
						CreatedOnToolsVersion = 8.3.2;
						ProvisioningStyle = Automatic;
					};
					A2891EF01EAB4027009F31F5 = {
						CreatedOnToolsVersion = 8.3.2;
						ProvisioningStyle = Automatic;
					};
				};
			};
			buildConfigurationList = A2891EE21EAB4027009F31F5 /* Build configuration list for PBXProject "SilenceConverterKit" */;
			compatibilityVersion = "Xcode 3.2";
			developmentRegion = English;
			hasScannedForEncodings = 0;
			knownRegions = (
				en,
			);
			mainGroup = A2891EDE1EAB4027009F31F5;
			productRefGroup = A2891EE91EAB4027009F31F5 /* Products */;
			projectDirPath = "";
			projectRoot = "";
			targets = (
				A2891EE71EAB4027009F31F5 /* SilenceConverterKit */,
				A2891EF01EAB4027009F31F5 /* SilenceConverterKitTests */,
			);
		};
/* End PBXProject section */

/* Begin PBXResourcesBuildPhase section */
		A2891EE61EAB4027009F31F5 /* Resources */ = {
			isa = PBXResourcesBuildPhase;
			buildActionMask = 2147483647;
			files = (
			);
			runOnlyForDeploymentPostprocessing = 0;
		};
		A2891EEF1EAB4027009F31F5 /* Resources */ = {
			isa = PBXResourcesBuildPhase;
			buildActionMask = 2147483647;
			files = (
			);
			runOnlyForDeploymentPostprocessing = 0;
		};
/* End PBXResourcesBuildPhase section */

/* Begin PBXSourcesBuildPhase section */
		A2891EE31EAB4027009F31F5 /* Sources */ = {
			isa = PBXSourcesBuildPhase;
			buildActionMask = 2147483647;
			files = (
				A2891F091EAB407C009F31F5 /* SilenceConverter.mm in Sources */,
			);
			runOnlyForDeploymentPostprocessing = 0;
		};
		A2891EED1EAB4027009F31F5 /* Sources */ = {
			isa = PBXSourcesBuildPhase;
			buildActionMask = 2147483647;
			files = (
				A2891F041EAB4072009F31F5 /* NormalAudioConverterTests.mm in Sources */,
				A2891F051EAB4072009F31F5 /* SilenceAudioConverterTests.mm in Sources */,
			);
			runOnlyForDeploymentPostprocessing = 0;
		};
/* End PBXSourcesBuildPhase section */

/* Begin PBXTargetDependency section */
		A2891EF41EAB4027009F31F5 /* PBXTargetDependency */ = {
			isa = PBXTargetDependency;
			target = A2891EE71EAB4027009F31F5 /* SilenceConverterKit */;
			targetProxy = A2891EF31EAB4027009F31F5 /* PBXContainerItemProxy */;
		};
/* End PBXTargetDependency section */

/* Begin XCBuildConfiguration section */
		A2891EFA1EAB4028009F31F5 /* Debug */ = {
			isa = XCBuildConfiguration;
			buildSettings = {
				ALWAYS_SEARCH_USER_PATHS = NO;
				CLANG_ANALYZER_NONNULL = YES;
				CLANG_ANALYZER_NUMBER_OBJECT_CONVERSION = YES_AGGRESSIVE;
				CLANG_CXX_LANGUAGE_STANDARD = "gnu++0x";
				CLANG_CXX_LIBRARY = "libc++";
				CLANG_ENABLE_MODULES = YES;
				CLANG_ENABLE_OBJC_ARC = YES;
				CLANG_WARN_BOOL_CONVERSION = YES;
				CLANG_WARN_CONSTANT_CONVERSION = YES;
				CLANG_WARN_DIRECT_OBJC_ISA_USAGE = YES_ERROR;
				CLANG_WARN_DOCUMENTATION_COMMENTS = YES;
				CLANG_WARN_EMPTY_BODY = YES;
				CLANG_WARN_ENUM_CONVERSION = YES;
				CLANG_WARN_INFINITE_RECURSION = YES;
				CLANG_WARN_INT_CONVERSION = YES;
				CLANG_WARN_OBJC_ROOT_CLASS = YES_ERROR;
				CLANG_WARN_SUSPICIOUS_MOVE = YES;
				CLANG_WARN_UNREACHABLE_CODE = YES;
				CLANG_WARN__DUPLICATE_METHOD_MATCH = YES;
				CODE_SIGN_IDENTITY = "-";
				COPY_PHASE_STRIP = NO;
				CURRENT_PROJECT_VERSION = 1;
				DEBUG_INFORMATION_FORMAT = dwarf;
				ENABLE_STRICT_OBJC_MSGSEND = YES;
				ENABLE_TESTABILITY = YES;
				GCC_C_LANGUAGE_STANDARD = gnu99;
				GCC_DYNAMIC_NO_PIC = NO;
				GCC_NO_COMMON_BLOCKS = YES;
				GCC_OPTIMIZATION_LEVEL = 0;
				GCC_PREPROCESSOR_DEFINITIONS = (
					"DEBUG=1",
					"$(inherited)",
				);
				GCC_WARN_64_TO_32_BIT_CONVERSION = YES;
				GCC_WARN_ABOUT_RETURN_TYPE = YES_ERROR;
				GCC_WARN_UNDECLARED_SELECTOR = YES;
				GCC_WARN_UNINITIALIZED_AUTOS = YES_AGGRESSIVE;
				GCC_WARN_UNUSED_FUNCTION = YES;
				GCC_WARN_UNUSED_VARIABLE = YES;
				MACOSX_DEPLOYMENT_TARGET = 10.12;
				MTL_ENABLE_DEBUG_INFO = YES;
				ONLY_ACTIVE_ARCH = YES;
				SDKROOT = macosx;
				VERSIONING_SYSTEM = "apple-generic";
				VERSION_INFO_PREFIX = "";
			};
			name = Debug;
		};
		A2891EFB1EAB4028009F31F5 /* Release */ = {
			isa = XCBuildConfiguration;
			buildSettings = {
				ALWAYS_SEARCH_USER_PATHS = NO;
				CLANG_ANALYZER_NONNULL = YES;
				CLANG_ANALYZER_NUMBER_OBJECT_CONVERSION = YES_AGGRESSIVE;
				CLANG_CXX_LANGUAGE_STANDARD = "gnu++0x";
				CLANG_CXX_LIBRARY = "libc++";
				CLANG_ENABLE_MODULES = YES;
				CLANG_ENABLE_OBJC_ARC = YES;
				CLANG_WARN_BOOL_CONVERSION = YES;
				CLANG_WARN_CONSTANT_CONVERSION = YES;
				CLANG_WARN_DIRECT_OBJC_ISA_USAGE = YES_ERROR;
				CLANG_WARN_DOCUMENTATION_COMMENTS = YES;
				CLANG_WARN_EMPTY_BODY = YES;
				CLANG_WARN_ENUM_CONVERSION = YES;
				CLANG_WARN_INFINITE_RECURSION = YES;
				CLANG_WARN_INT_CONVERSION = YES;
				CLANG_WARN_OBJC_ROOT_CLASS = YES_ERROR;
				CLANG_WARN_SUSPICIOUS_MOVE = YES;
				CLANG_WARN_UNREACHABLE_CODE = YES;
				CLANG_WARN__DUPLICATE_METHOD_MATCH = YES;
				CODE_SIGN_IDENTITY = "-";
				COPY_PHASE_STRIP = NO;
				CURRENT_PROJECT_VERSION = 1;
				DEBUG_INFORMATION_FORMAT = "dwarf-with-dsym";
				ENABLE_NS_ASSERTIONS = NO;
				ENABLE_STRICT_OBJC_MSGSEND = YES;
				GCC_C_LANGUAGE_STANDARD = gnu99;
				GCC_NO_COMMON_BLOCKS = YES;
				GCC_WARN_64_TO_32_BIT_CONVERSION = YES;
				GCC_WARN_ABOUT_RETURN_TYPE = YES_ERROR;
				GCC_WARN_UNDECLARED_SELECTOR = YES;
				GCC_WARN_UNINITIALIZED_AUTOS = YES_AGGRESSIVE;
				GCC_WARN_UNUSED_FUNCTION = YES;
				GCC_WARN_UNUSED_VARIABLE = YES;
				MACOSX_DEPLOYMENT_TARGET = 10.12;
				MTL_ENABLE_DEBUG_INFO = NO;
				SDKROOT = macosx;
				VERSIONING_SYSTEM = "apple-generic";
				VERSION_INFO_PREFIX = "";
			};
			name = Release;
		};
		A2891EFD1EAB4028009F31F5 /* Debug */ = {
			isa = XCBuildConfiguration;
			buildSettings = {
				CODE_SIGN_IDENTITY = "";
				COMBINE_HIDPI_IMAGES = YES;
				DEFINES_MODULE = YES;
				DYLIB_COMPATIBILITY_VERSION = 1;
				DYLIB_CURRENT_VERSION = 1;
				DYLIB_INSTALL_NAME_BASE = "@rpath";
				FRAMEWORK_VERSION = A;
				INFOPLIST_FILE = SilenceConverterKit/Info.plist;
				INSTALL_PATH = "$(LOCAL_LIBRARY_DIR)/Frameworks";
				LD_RUNPATH_SEARCH_PATHS = "$(inherited) @executable_path/../Frameworks @loader_path/Frameworks";
				MACOSX_DEPLOYMENT_TARGET = 10.10;
				PRODUCT_BUNDLE_IDENTIFIER = pebble8888.SilenceConverterKit;
				PRODUCT_NAME = "$(TARGET_NAME)";
				SKIP_INSTALL = YES;
			};
			name = Debug;
		};
		A2891EFE1EAB4028009F31F5 /* Release */ = {
			isa = XCBuildConfiguration;
			buildSettings = {
				CODE_SIGN_IDENTITY = "";
				COMBINE_HIDPI_IMAGES = YES;
				DEFINES_MODULE = YES;
				DYLIB_COMPATIBILITY_VERSION = 1;
				DYLIB_CURRENT_VERSION = 1;
				DYLIB_INSTALL_NAME_BASE = "@rpath";
				FRAMEWORK_VERSION = A;
				INFOPLIST_FILE = SilenceConverterKit/Info.plist;
				INSTALL_PATH = "$(LOCAL_LIBRARY_DIR)/Frameworks";
				LD_RUNPATH_SEARCH_PATHS = "$(inherited) @executable_path/../Frameworks @loader_path/Frameworks";
				MACOSX_DEPLOYMENT_TARGET = 10.10;
				PRODUCT_BUNDLE_IDENTIFIER = pebble8888.SilenceConverterKit;
				PRODUCT_NAME = "$(TARGET_NAME)";
				SKIP_INSTALL = YES;
			};
			name = Release;
		};
		A2891F001EAB4028009F31F5 /* Debug */ = {
			isa = XCBuildConfiguration;
			buildSettings = {
				COMBINE_HIDPI_IMAGES = YES;
				INFOPLIST_FILE = SilenceConverterKitTests/Info.plist;
				LD_RUNPATH_SEARCH_PATHS = "$(inherited) @executable_path/../Frameworks @loader_path/../Frameworks";
				PRODUCT_BUNDLE_IDENTIFIER = pebble8888.SilenceConverterKitTests;
				PRODUCT_NAME = "$(TARGET_NAME)";
			};
			name = Debug;
		};
		A2891F011EAB4028009F31F5 /* Release */ = {
			isa = XCBuildConfiguration;
			buildSettings = {
				COMBINE_HIDPI_IMAGES = YES;
				INFOPLIST_FILE = SilenceConverterKitTests/Info.plist;
				LD_RUNPATH_SEARCH_PATHS = "$(inherited) @executable_path/../Frameworks @loader_path/../Frameworks";
				PRODUCT_BUNDLE_IDENTIFIER = pebble8888.SilenceConverterKitTests;
				PRODUCT_NAME = "$(TARGET_NAME)";
			};
			name = Release;
		};
/* End XCBuildConfiguration section */

/* Begin XCConfigurationList section */
		A2891EE21EAB4027009F31F5 /* Build configuration list for PBXProject "SilenceConverterKit" */ = {
			isa = XCConfigurationList;
			buildConfigurations = (
				A2891EFA1EAB4028009F31F5 /* Debug */,
				A2891EFB1EAB4028009F31F5 /* Release */,
			);
			defaultConfigurationIsVisible = 0;
			defaultConfigurationName = Release;
		};
		A2891EFC1EAB4028009F31F5 /* Build configuration list for PBXNativeTarget "SilenceConverterKit" */ = {
			isa = XCConfigurationList;
			buildConfigurations = (
				A2891EFD1EAB4028009F31F5 /* Debug */,
				A2891EFE1EAB4028009F31F5 /* Release */,
			);
			defaultConfigurationIsVisible = 0;
		};
		A2891EFF1EAB4028009F31F5 /* Build configuration list for PBXNativeTarget "SilenceConverterKitTests" */ = {
			isa = XCConfigurationList;
			buildConfigurations = (
				A2891F001EAB4028009F31F5 /* Debug */,
				A2891F011EAB4028009F31F5 /* Release */,
			);
			defaultConfigurationIsVisible = 0;
		};
/* End XCConfigurationList section */
	};
	rootObject = A2891EDF1EAB4027009F31F5 /* Project object */;
}
